
Microsoft Visual Studio Solution File, Format Version 12.00
# Visual Studio Version 16
VisualStudioVersion = 16.0.30804.86
MinimumVisualStudioVersion = 10.0.40219.1
Project("{FAE04EC0-301F-11D3-BF4B-00C04F79EFBC}") = "testing_core", "testing_core\testing_core.csproj", "{4AD1B8E9-7A5D-4116-A627-5E4452A75F78}"
EndProject
Global
	GlobalSection(SolutionConfigurationPlatforms) = preSolution
		Debug|Any CPU = Debug|Any CPU
		Release|Any CPU = Release|Any CPU
	EndGlobalSection
	GlobalSection(ProjectConfigurationPlatforms) = postSolution
		{4AD1B8E9-7A5D-4116-A627-5E4452A75F78}.Debug|Any CPU.ActiveCfg = Debug|Any CPU
		{4AD1B8E9-7A5D-4116-A627-5E4452A75F78}.Debug|Any CPU.Build.0 = Debug|Any CPU
		{4AD1B8E9-7A5D-4116-A627-5E4452A75F78}.Release|Any CPU.ActiveCfg = Release|Any CPU
		{4AD1B8E9-7A5D-4116-A627-5E4452A75F78}.Release|Any CPU.Build.0 = Release|Any CPU
	EndGlobalSection
	GlobalSection(SolutionProperties) = preSolution
		HideSolutionNode = FALSE
	EndGlobalSection
	GlobalSection(ExtensibilityGlobals) = postSolution
		SolutionGuid = {B991C985-7D2A-4216-B252-AAFBC9763E29}
	EndGlobalSection
EndGlobal
